
Microsoft Visual Studio Solution File, Format Version 12.00
Project("{FAE04EC0-301F-11D3-BF4B-00C04F79EFBC}") = "ScrcpyHelper", "ScrcpyHelper\ScrcpyHelper.csproj", "{8B050D88-8015-4201-A009-FEE6BB181A66}"
EndProject
Global
	GlobalSection(SolutionConfigurationPlatforms) = preSolution
		Debug|Any CPU = Debug|Any CPU
		Release|Any CPU = Release|Any CPU
	EndGlobalSection
	GlobalSection(ProjectConfigurationPlatforms) = postSolution
		{8B050D88-8015-4201-A009-FEE6BB181A66}.Debug|Any CPU.ActiveCfg = Debug|Any CPU
		{8B050D88-8015-4201-A009-FEE6BB181A66}.Debug|Any CPU.Build.0 = Debug|Any CPU
		{8B050D88-8015-4201-A009-FEE6BB181A66}.Release|Any CPU.ActiveCfg = Release|Any CPU
		{8B050D88-8015-4201-A009-FEE6BB181A66}.Release|Any CPU.Build.0 = Release|Any CPU
	EndGlobalSection
EndGlobal
